// !$*UTF8*$!
{
	archiveVersion = 1;
	classes = {
	};
	objectVersion = 56;
	objects = {

/* Begin PBXBuildFile section */
		A10000000000000000000001 /* ViewerApp.swift in Sources */ = {isa = PBXBuildFile; fileRef = A20000000000000000000001 /* ViewerApp.swift */; };
		A10000000000000000000002 /* Book.swift in Sources */ = {isa = PBXBuildFile; fileRef = A20000000000000000000002 /* Book.swift */; };
		A10000000000000000000003 /* LibraryStore.swift in Sources */ = {isa = PBXBuildFile; fileRef = A20000000000000000000003 /* LibraryStore.swift */; };
		A10000000000000000000004 /* BookImporter.swift in Sources */ = {isa = PBXBuildFile; fileRef = A20000000000000000000004 /* BookImporter.swift */; };
		A10000000000000000000005 /* PageSource.swift in Sources */ = {isa = PBXBuildFile; fileRef = A20000000000000000000005 /* PageSource.swift */; };
		A10000000000000000000006 /* ImageFolderSource.swift in Sources */ = {isa = PBXBuildFile; fileRef = A20000000000000000000006 /* ImageFolderSource.swift */; };
		A10000000000000000000007 /* PDFSource.swift in Sources */ = {isa = PBXBuildFile; fileRef = A20000000000000000000007 /* PDFSource.swift */; };
		A10000000000000000000008 /* LibraryView.swift in Sources */ = {isa = PBXBuildFile; fileRef = A20000000000000000000008 /* LibraryView.swift */; };
		A10000000000000000000009 /* ReaderView.swift in Sources */ = {isa = PBXBuildFile; fileRef = A20000000000000000000009 /* ReaderView.swift */; };
		A1000000000000000000000A /* PageView.swift in Sources */ = {isa = PBXBuildFile; fileRef = A2000000000000000000000A /* PageView.swift */; };
		A1000000000000000000000B /* Assets.xcassets in Resources */ = {isa = PBXBuildFile; fileRef = A2000000000000000000000B /* Assets.xcassets */; };
		A1000000000000000000000D /* PageCache.swift in Sources */ = {isa = PBXBuildFile; fileRef = A2000000000000000000000D /* PageCache.swift */; };
/* End PBXBuildFile section */

/* Begin PBXFileReference section */
		A20000000000000000000001 /* ViewerApp.swift */ = {isa = PBXFileReference; lastKnownFileType = sourcecode.swift; path = ViewerApp.swift; sourceTree = "<group>"; };
		A20000000000000000000002 /* Book.swift */ = {isa = PBXFileReference; lastKnownFileType = sourcecode.swift; path = Book.swift; sourceTree = "<group>"; };
		A20000000000000000000003 /* LibraryStore.swift */ = {isa = PBXFileReference; lastKnownFileType = sourcecode.swift; path = LibraryStore.swift; sourceTree = "<group>"; };
		A20000000000000000000004 /* BookImporter.swift */ = {isa = PBXFileReference; lastKnownFileType = sourcecode.swift; path = BookImporter.swift; sourceTree = "<group>"; };
		A20000000000000000000005 /* PageSource.swift */ = {isa = PBXFileReference; lastKnownFileType = sourcecode.swift; path = PageSource.swift; sourceTree = "<group>"; };
		A20000000000000000000006 /* ImageFolderSource.swift */ = {isa = PBXFileReference; lastKnownFileType = sourcecode.swift; path = ImageFolderSource.swift; sourceTree = "<group>"; };
		A20000000000000000000007 /* PDFSource.swift */ = {isa = PBXFileReference; lastKnownFileType = sourcecode.swift; path = PDFSource.swift; sourceTree = "<group>"; };
		A20000000000000000000008 /* LibraryView.swift */ = {isa = PBXFileReference; lastKnownFileType = sourcecode.swift; path = LibraryView.swift; sourceTree = "<group>"; };
		A20000000000000000000009 /* ReaderView.swift */ = {isa = PBXFileReference; lastKnownFileType = sourcecode.swift; path = ReaderView.swift; sourceTree = "<group>"; };
		A2000000000000000000000A /* PageView.swift */ = {isa = PBXFileReference; lastKnownFileType = sourcecode.swift; path = PageView.swift; sourceTree = "<group>"; };
		A2000000000000000000000B /* Assets.xcassets */ = {isa = PBXFileReference; lastKnownFileType = folder.assetcatalog; path = Assets.xcassets; sourceTree = "<group>"; };
		A2000000000000000000000C /* Info.plist */ = {isa = PBXFileReference; lastKnownFileType = text.plist.xml; path = Info.plist; sourceTree = "<group>"; };
		A2000000000000000000000D /* PageCache.swift */ = {isa = PBXFileReference; lastKnownFileType = sourcecode.swift; path = PageCache.swift; sourceTree = "<group>"; };
		A30000000000000000000001 /* Viewer.app */ = {isa = PBXFileReference; explicitFileType = wrapper.application; includeInIndex = 0; path = Viewer.app; sourceTree = BUILT_PRODUCTS_DIR; };
/* End PBXFileReference section */

/* Begin PBXFrameworksBuildPhase section */
		A40000000000000000000001 /* Frameworks */ = {
			isa = PBXFrameworksBuildPhase;
			buildActionMask = 2147483647;
			files = (
			);
			runOnlyForDeploymentPostprocessing = 0;
		};
/* End PBXFrameworksBuildPhase section */

/* Begin PBXGroup section */
		A50000000000000000000001 = {
			isa = PBXGroup;
			children = (
				A50000000000000000000002 /* Viewer */,
				A50000000000000000000003 /* Products */,
			);
			sourceTree = "<group>";
		};
		A50000000000000000000002 /* Viewer */ = {
			isa = PBXGroup;
			children = (
				A20000000000000000000001 /* ViewerApp.swift */,
				A50000000000000000000004 /* Models */,
				A50000000000000000000005 /* Import */,
				A50000000000000000000006 /* Sources */,
				A50000000000000000000007 /* Views */,
				A2000000000000000000000B /* Assets.xcassets */,
				A2000000000000000000000C /* Info.plist */,
			);
			path = Viewer;
			sourceTree = "<group>";
		};
		A50000000000000000000003 /* Products */ = {
			isa = PBXGroup;
			children = (
				A30000000000000000000001 /* Viewer.app */,
			);
			name = Products;
			sourceTree = "<group>";
		};
		A50000000000000000000004 /* Models */ = {
			isa = PBXGroup;
			children = (
				A20000000000000000000002 /* Book.swift */,
				A20000000000000000000003 /* LibraryStore.swift */,
			);
			path = Models;
			sourceTree = "<group>";
		};
		A50000000000000000000005 /* Import */ = {
			isa = PBXGroup;
			children = (
				A20000000000000000000004 /* BookImporter.swift */,
			);
			path = Import;
			sourceTree = "<group>";
		};
		A50000000000000000000006 /* Sources */ = {
			isa = PBXGroup;
			children = (
				A20000000000000000000005 /* PageSource.swift */,
				A20000000000000000000006 /* ImageFolderSource.swift */,
				A20000000000000000000007 /* PDFSource.swift */,
				A2000000000000000000000D /* PageCache.swift */,
			);
			path = Sources;
			sourceTree = "<group>";
		};
		A50000000000000000000007 /* Views */ = {
			isa = PBXGroup;
			children = (
				A20000000000000000000008 /* LibraryView.swift */,
				A20000000000000000000009 /* ReaderView.swift */,
				A2000000000000000000000A /* PageView.swift */,
			);
			path = Views;
			sourceTree = "<group>";
		};
/* End PBXGroup section */

/* Begin PBXNativeTarget section */
		A60000000000000000000001 /* Viewer */ = {
			isa = PBXNativeTarget;
			buildConfigurationList = A80000000000000000000003 /* Build configuration list for PBXNativeTarget "Viewer" */;
			buildPhases = (
				A70000000000000000000001 /* Sources */,
				A40000000000000000000001 /* Frameworks */,
				A70000000000000000000002 /* Resources */,
			);
			buildRules = (
			);
			dependencies = (
			);
			name = Viewer;
			productName = Viewer;
			productReference = A30000000000000000000001 /* Viewer.app */;
			productType = "com.apple.product-type.application";
		};
/* End PBXNativeTarget section */

/* Begin PBXProject section */
		A90000000000000000000001 /* Project object */ = {
			isa = PBXProject;
			attributes = {
				BuildIndependentTargetsInParallel = 1;
				LastSwiftUpdateCheck = 1500;
				LastUpgradeCheck = 1500;
				TargetAttributes = {
					A60000000000000000000001 = {
						CreatedOnToolsVersion = 15.0;
					};
				};
			};
			buildConfigurationList = A80000000000000000000001 /* Build configuration list for PBXProject "Viewer" */;
			compatibilityVersion = "Xcode 14.0";
			developmentRegion = en;
			hasScannedForEncodings = 0;
			knownRegions = (
				en,
				Base,
			);
			mainGroup = A50000000000000000000001;
			productRefGroup = A50000000000000000000003 /* Products */;
			projectDirPath = "";
			projectRoot = "";
			targets = (
				A60000000000000000000001 /* Viewer */,
			);
		};
/* End PBXProject section */

/* Begin PBXResourcesBuildPhase section */
		A70000000000000000000002 /* Resources */ = {
			isa = PBXResourcesBuildPhase;
			buildActionMask = 2147483647;
			files = (
				A1000000000000000000000B /* Assets.xcassets in Resources */,
			);
			runOnlyForDeploymentPostprocessing = 0;
		};
/* End PBXResourcesBuildPhase section */

/* Begin PBXSourcesBuildPhase section */
		A70000000000000000000001 /* Sources */ = {
			isa = PBXSourcesBuildPhase;
			buildActionMask = 2147483647;
			files = (
				A10000000000000000000001 /* ViewerApp.swift in Sources */,
				A10000000000000000000002 /* Book.swift in Sources */,
				A10000000000000000000003 /* LibraryStore.swift in Sources */,
				A10000000000000000000004 /* BookImporter.swift in Sources */,
				A10000000000000000000005 /* PageSource.swift in Sources */,
				A10000000000000000000006 /* ImageFolderSource.swift in Sources */,
				A10000000000000000000007 /* PDFSource.swift in Sources */,
				A1000000000000000000000D /* PageCache.swift in Sources */,
				A10000000000000000000008 /* LibraryView.swift in Sources */,
				A10000000000000000000009 /* ReaderView.swift in Sources */,
				A1000000000000000000000A /* PageView.swift in Sources */,
			);
			runOnlyForDeploymentPostprocessing = 0;
		};
/* End PBXSourcesBuildPhase section */

/* Begin XCBuildConfiguration section */
		A80000000000000000000004 /* Debug */ = {
			isa = XCBuildConfiguration;
			buildSettings = {
				ALWAYS_SEARCH_USER_PATHS = NO;
				ASSETCATALOG_COMPILER_GENERATE_SWIFT_ASSET_SYMBOL_EXTENSIONS = YES;
				CLANG_ENABLE_MODULES = YES;
				CLANG_ENABLE_OBJC_ARC = YES;
				COPY_PHASE_STRIP = NO;
				DEBUG_INFORMATION_FORMAT = dwarf;
				ENABLE_STRICT_OBJC_MSGSEND = YES;
				ENABLE_TESTABILITY = YES;
				GCC_DYNAMIC_NO_PIC = NO;
				GCC_OPTIMIZATION_LEVEL = 0;
				GCC_PREPROCESSOR_DEFINITIONS = (
					"DEBUG=1",
					"$(inherited)",
				);
				IPHONEOS_DEPLOYMENT_TARGET = 17.0;
				MTL_ENABLE_DEBUG_INFO = INCLUDE_SOURCE;
				ONLY_ACTIVE_ARCH = YES;
				SDKROOT = iphoneos;
				SWIFT_ACTIVE_COMPILATION_CONDITIONS = "DEBUG $(inherited)";
				SWIFT_OPTIMIZATION_LEVEL = "-Onone";
			};
			name = Debug;
		};
		A80000000000000000000005 /* Release */ = {
			isa = XCBuildConfiguration;
			buildSettings = {
				ALWAYS_SEARCH_USER_PATHS = NO;
				ASSETCATALOG_COMPILER_GENERATE_SWIFT_ASSET_SYMBOL_EXTENSIONS = YES;
				CLANG_ENABLE_MODULES = YES;
				CLANG_ENABLE_OBJC_ARC = YES;
				COPY_PHASE_STRIP = NO;
				DEBUG_INFORMATION_FORMAT = "dwarf-with-dsym";
				ENABLE_NS_ASSERTIONS = NO;
				ENABLE_STRICT_OBJC_MSGSEND = YES;
				IPHONEOS_DEPLOYMENT_TARGET = 17.0;
				MTL_ENABLE_DEBUG_INFO = NO;
				SDKROOT = iphoneos;
				SWIFT_COMPILATION_MODE = wholemodule;
				VALIDATE_PRODUCT = YES;
			};
			name = Release;
		};
		A80000000000000000000006 /* Debug */ = {
			isa = XCBuildConfiguration;
			buildSettings = {
				ASSETCATALOG_COMPILER_APPICON_NAME = AppIcon;
				ASSETCATALOG_COMPILER_GLOBAL_ACCENT_COLOR_NAME = AccentColor;
				CODE_SIGN_STYLE = Automatic;
				CURRENT_PROJECT_VERSION = 1;
				DEVELOPMENT_TEAM = 2V52XHL6KN;
				ENABLE_PREVIEWS = YES;
				GENERATE_INFOPLIST_FILE = YES;
				INFOPLIST_FILE = Viewer/Info.plist;
				INFOPLIST_KEY_CFBundleDisplayName = Viewer;
				INFOPLIST_KEY_LSRequiresIPhoneOS = YES;
				INFOPLIST_KEY_LSSupportsOpeningDocumentsInPlace = YES;
				INFOPLIST_KEY_UIApplicationSceneManifest_Generation = YES;
				INFOPLIST_KEY_UIFileSharingEnabled = YES;
				INFOPLIST_KEY_UILaunchScreen_Generation = YES;
				INFOPLIST_KEY_UISupportedInterfaceOrientations_iPad = "UIInterfaceOrientationPortrait UIInterfaceOrientationPortraitUpsideDown UIInterfaceOrientationLandscapeLeft UIInterfaceOrientationLandscapeRight";
				INFOPLIST_KEY_UISupportedInterfaceOrientations_iPhone = "UIInterfaceOrientationPortrait UIInterfaceOrientationLandscapeLeft UIInterfaceOrientationLandscapeRight";
				LD_RUNPATH_SEARCH_PATHS = (
					"$(inherited)",
					"@executable_path/Frameworks",
				);
				MARKETING_VERSION = 1.0;
				PRODUCT_BUNDLE_IDENTIFIER = com.local.Viewer;
				PRODUCT_NAME = "$(TARGET_NAME)";
				SUPPORTED_PLATFORMS = "iphoneos iphonesimulator";
				SUPPORTS_MACCATALYST = NO;
				SWIFT_EMIT_LOC_STRINGS = YES;
				SWIFT_VERSION = 5.0;
				TARGETED_DEVICE_FAMILY = "1,2";
			};
			name = Debug;
		};
		A80000000000000000000007 /* Release */ = {
			isa = XCBuildConfiguration;
			buildSettings = {
				ASSETCATALOG_COMPILER_APPICON_NAME = AppIcon;
				ASSETCATALOG_COMPILER_GLOBAL_ACCENT_COLOR_NAME = AccentColor;
				CODE_SIGN_STYLE = Automatic;
				CURRENT_PROJECT_VERSION = 1;
				DEVELOPMENT_TEAM = 2V52XHL6KN;
				ENABLE_PREVIEWS = YES;
				GENERATE_INFOPLIST_FILE = YES;
				INFOPLIST_FILE = Viewer/Info.plist;
				INFOPLIST_KEY_CFBundleDisplayName = Viewer;
				INFOPLIST_KEY_LSRequiresIPhoneOS = YES;
				INFOPLIST_KEY_LSSupportsOpeningDocumentsInPlace = YES;
				INFOPLIST_KEY_UIApplicationSceneManifest_Generation = YES;
				INFOPLIST_KEY_UIFileSharingEnabled = YES;
				INFOPLIST_KEY_UILaunchScreen_Generation = YES;
				INFOPLIST_KEY_UISupportedInterfaceOrientations_iPad = "UIInterfaceOrientationPortrait UIInterfaceOrientationPortraitUpsideDown UIInterfaceOrientationLandscapeLeft UIInterfaceOrientationLandscapeRight";
				INFOPLIST_KEY_UISupportedInterfaceOrientations_iPhone = "UIInterfaceOrientationPortrait UIInterfaceOrientationLandscapeLeft UIInterfaceOrientationLandscapeRight";
				LD_RUNPATH_SEARCH_PATHS = (
					"$(inherited)",
					"@executable_path/Frameworks",
				);
				MARKETING_VERSION = 1.0;
				PRODUCT_BUNDLE_IDENTIFIER = com.local.Viewer;
				PRODUCT_NAME = "$(TARGET_NAME)";
				SUPPORTED_PLATFORMS = "iphoneos iphonesimulator";
				SUPPORTS_MACCATALYST = NO;
				SWIFT_EMIT_LOC_STRINGS = YES;
				SWIFT_VERSION = 5.0;
				TARGETED_DEVICE_FAMILY = "1,2";
			};
			name = Release;
		};
/* End XCBuildConfiguration section */

/* Begin XCConfigurationList section */
		A80000000000000000000001 /* Build configuration list for PBXProject "Viewer" */ = {
			isa = XCConfigurationList;
			buildConfigurations = (
				A80000000000000000000004 /* Debug */,
				A80000000000000000000005 /* Release */,
			);
			defaultConfigurationIsVisible = 0;
			defaultConfigurationName = Release;
		};
		A80000000000000000000003 /* Build configuration list for PBXNativeTarget "Viewer" */ = {
			isa = XCConfigurationList;
			buildConfigurations = (
				A80000000000000000000006 /* Debug */,
				A80000000000000000000007 /* Release */,
			);
			defaultConfigurationIsVisible = 0;
			defaultConfigurationName = Release;
		};
/* End XCConfigurationList section */
	};
	rootObject = A90000000000000000000001 /* Project object */;
}
